// !$*UTF8*$!
{
	archiveVersion = 1;
	classes = {
	};
	objectVersion = 56;
	objects = {

/* Begin PBXBuildFile section */
		1AA1FB4F217A3FF1E69EDF26 /* Pods_travelMemory.framework in Frameworks */ = {isa = PBXBuildFile; fileRef = 39D10FE90396FE9DF5C4D0B2 /* Pods_travelMemory.framework */; };
		8E176A6E2A779201006EE253 /* TabBarViewController.swift in Sources */ = {isa = PBXBuildFile; fileRef = 8E176A6D2A779201006EE253 /* TabBarViewController.swift */; };
		8E176A702A779613006EE253 /* RecommendViewController.swift in Sources */ = {isa = PBXBuildFile; fileRef = 8E176A6F2A779613006EE253 /* RecommendViewController.swift */; };
		8E176A722A7799CD006EE253 /* MainViewController.swift in Sources */ = {isa = PBXBuildFile; fileRef = 8E176A712A7799CD006EE253 /* MainViewController.swift */; };
		8E176A742A779AA5006EE253 /* FavoriteViewController.swift in Sources */ = {isa = PBXBuildFile; fileRef = 8E176A732A779AA5006EE253 /* FavoriteViewController.swift */; };
		8E176A762A779B1A006EE253 /* MyPageViewController.swift in Sources */ = {isa = PBXBuildFile; fileRef = 8E176A752A779B1A006EE253 /* MyPageViewController.swift */; };
		8E2E41492A7E8CDF00D006EE /* RegisterViewController.swift in Sources */ = {isa = PBXBuildFile; fileRef = 8E2E41482A7E8CDF00D006EE /* RegisterViewController.swift */; };
		8E2E414B2A7E8FDC00D006EE /* RegisterView.swift in Sources */ = {isa = PBXBuildFile; fileRef = 8E2E414A2A7E8FDC00D006EE /* RegisterView.swift */; };
		8E2E414D2A7E8FE100D006EE /* RegisterModel.swift in Sources */ = {isa = PBXBuildFile; fileRef = 8E2E414C2A7E8FE100D006EE /* RegisterModel.swift */; };
		8ED5D52B2A74257000B0F216 /* AppDelegate.swift in Sources */ = {isa = PBXBuildFile; fileRef = 8ED5D52A2A74257000B0F216 /* AppDelegate.swift */; };
		8ED5D52D2A74257000B0F216 /* SceneDelegate.swift in Sources */ = {isa = PBXBuildFile; fileRef = 8ED5D52C2A74257000B0F216 /* SceneDelegate.swift */; };
		8ED5D5342A74257100B0F216 /* Assets.xcassets in Resources */ = {isa = PBXBuildFile; fileRef = 8ED5D5332A74257100B0F216 /* Assets.xcassets */; };
		8ED5D5372A74257100B0F216 /* LaunchScreen.storyboard in Resources */ = {isa = PBXBuildFile; fileRef = 8ED5D5352A74257100B0F216 /* LaunchScreen.storyboard */; };
		8ED5D53F2A74265600B0F216 /* LoginModel.swift in Sources */ = {isa = PBXBuildFile; fileRef = 8ED5D53E2A74265600B0F216 /* LoginModel.swift */; };
		8ED5D5412A7426BC00B0F216 /* LoginView.swift in Sources */ = {isa = PBXBuildFile; fileRef = 8ED5D5402A7426BC00B0F216 /* LoginView.swift */; };
		8ED5D5432A74273100B0F216 /* UIKit+setupView.swift in Sources */ = {isa = PBXBuildFile; fileRef = 8ED5D5422A74273100B0F216 /* UIKit+setupView.swift */; };
		8ED5D5452A7427BC00B0F216 /* LoginViewController.swift in Sources */ = {isa = PBXBuildFile; fileRef = 8ED5D5442A7427BC00B0F216 /* LoginViewController.swift */; };
/* End PBXBuildFile section */

/* Begin PBXFileReference section */
		39D10FE90396FE9DF5C4D0B2 /* Pods_travelMemory.framework */ = {isa = PBXFileReference; explicitFileType = wrapper.framework; includeInIndex = 0; path = Pods_travelMemory.framework; sourceTree = BUILT_PRODUCTS_DIR; };
		8E176A6D2A779201006EE253 /* TabBarViewController.swift */ = {isa = PBXFileReference; lastKnownFileType = sourcecode.swift; path = TabBarViewController.swift; sourceTree = "<group>"; };
		8E176A6F2A779613006EE253 /* RecommendViewController.swift */ = {isa = PBXFileReference; lastKnownFileType = sourcecode.swift; path = RecommendViewController.swift; sourceTree = "<group>"; };
		8E176A712A7799CD006EE253 /* MainViewController.swift */ = {isa = PBXFileReference; lastKnownFileType = sourcecode.swift; path = MainViewController.swift; sourceTree = "<group>"; };
		8E176A732A779AA5006EE253 /* FavoriteViewController.swift */ = {isa = PBXFileReference; lastKnownFileType = sourcecode.swift; path = FavoriteViewController.swift; sourceTree = "<group>"; };
		8E176A752A779B1A006EE253 /* MyPageViewController.swift */ = {isa = PBXFileReference; lastKnownFileType = sourcecode.swift; path = MyPageViewController.swift; sourceTree = "<group>"; };
		8E2E41482A7E8CDF00D006EE /* RegisterViewController.swift */ = {isa = PBXFileReference; lastKnownFileType = sourcecode.swift; path = RegisterViewController.swift; sourceTree = "<group>"; };
		8E2E414A2A7E8FDC00D006EE /* RegisterView.swift */ = {isa = PBXFileReference; lastKnownFileType = sourcecode.swift; path = RegisterView.swift; sourceTree = "<group>"; };
		8E2E414C2A7E8FE100D006EE /* RegisterModel.swift */ = {isa = PBXFileReference; lastKnownFileType = sourcecode.swift; path = RegisterModel.swift; sourceTree = "<group>"; };
		8ED5D5272A74257000B0F216 /* travelMemory.app */ = {isa = PBXFileReference; explicitFileType = wrapper.application; includeInIndex = 0; path = travelMemory.app; sourceTree = BUILT_PRODUCTS_DIR; };
		8ED5D52A2A74257000B0F216 /* AppDelegate.swift */ = {isa = PBXFileReference; lastKnownFileType = sourcecode.swift; path = AppDelegate.swift; sourceTree = "<group>"; };
		8ED5D52C2A74257000B0F216 /* SceneDelegate.swift */ = {isa = PBXFileReference; lastKnownFileType = sourcecode.swift; path = SceneDelegate.swift; sourceTree = "<group>"; };
		8ED5D5332A74257100B0F216 /* Assets.xcassets */ = {isa = PBXFileReference; lastKnownFileType = folder.assetcatalog; path = Assets.xcassets; sourceTree = "<group>"; };
		8ED5D5362A74257100B0F216 /* Base */ = {isa = PBXFileReference; lastKnownFileType = file.storyboard; name = Base; path = Base.lproj/LaunchScreen.storyboard; sourceTree = "<group>"; };
		8ED5D5382A74257100B0F216 /* Info.plist */ = {isa = PBXFileReference; lastKnownFileType = text.plist.xml; path = Info.plist; sourceTree = "<group>"; };
		8ED5D53E2A74265600B0F216 /* LoginModel.swift */ = {isa = PBXFileReference; lastKnownFileType = sourcecode.swift; path = LoginModel.swift; sourceTree = "<group>"; };
		8ED5D5402A7426BC00B0F216 /* LoginView.swift */ = {isa = PBXFileReference; lastKnownFileType = sourcecode.swift; path = LoginView.swift; sourceTree = "<group>"; };
		8ED5D5422A74273100B0F216 /* UIKit+setupView.swift */ = {isa = PBXFileReference; lastKnownFileType = sourcecode.swift; path = "UIKit+setupView.swift"; sourceTree = "<group>"; };
		8ED5D5442A7427BC00B0F216 /* LoginViewController.swift */ = {isa = PBXFileReference; lastKnownFileType = sourcecode.swift; path = LoginViewController.swift; sourceTree = "<group>"; };
		AECF70AD97F26CF92E971EA0 /* Pods-travelMemory.debug.xcconfig */ = {isa = PBXFileReference; includeInIndex = 1; lastKnownFileType = text.xcconfig; name = "Pods-travelMemory.debug.xcconfig"; path = "Target Support Files/Pods-travelMemory/Pods-travelMemory.debug.xcconfig"; sourceTree = "<group>"; };
		B1F641FF35DD5AAE0DB25A8B /* Pods-travelMemory.release.xcconfig */ = {isa = PBXFileReference; includeInIndex = 1; lastKnownFileType = text.xcconfig; name = "Pods-travelMemory.release.xcconfig"; path = "Target Support Files/Pods-travelMemory/Pods-travelMemory.release.xcconfig"; sourceTree = "<group>"; };
/* End PBXFileReference section */

/* Begin PBXFrameworksBuildPhase section */
		8ED5D5242A74257000B0F216 /* Frameworks */ = {
			isa = PBXFrameworksBuildPhase;
			buildActionMask = 2147483647;
			files = (
				1AA1FB4F217A3FF1E69EDF26 /* Pods_travelMemory.framework in Frameworks */,
			);
			runOnlyForDeploymentPostprocessing = 0;
		};
/* End PBXFrameworksBuildPhase section */

/* Begin PBXGroup section */
		71E71AA124C5B14E9B05D3A2 /* Pods */ = {
			isa = PBXGroup;
			children = (
				AECF70AD97F26CF92E971EA0 /* Pods-travelMemory.debug.xcconfig */,
				B1F641FF35DD5AAE0DB25A8B /* Pods-travelMemory.release.xcconfig */,
			);
			path = Pods;
			sourceTree = "<group>";
		};
		78F88A8A57A6569EDD8EFB8B /* Frameworks */ = {
			isa = PBXGroup;
			children = (
				39D10FE90396FE9DF5C4D0B2 /* Pods_travelMemory.framework */,
			);
			name = Frameworks;
			sourceTree = "<group>";
		};
		8E2E414E2A7E8FE500D006EE /* Register */ = {
			isa = PBXGroup;
			children = (
				8E2E41482A7E8CDF00D006EE /* RegisterViewController.swift */,
				8E2E414A2A7E8FDC00D006EE /* RegisterView.swift */,
				8E2E414C2A7E8FE100D006EE /* RegisterModel.swift */,
			);
			path = Register;
			sourceTree = "<group>";
		};
		8ED5D51E2A74257000B0F216 = {
			isa = PBXGroup;
			children = (
				8ED5D5292A74257000B0F216 /* travelMemory */,
				8ED5D5282A74257000B0F216 /* Products */,
				71E71AA124C5B14E9B05D3A2 /* Pods */,
				78F88A8A57A6569EDD8EFB8B /* Frameworks */,
			);
			sourceTree = "<group>";
		};
		8ED5D5282A74257000B0F216 /* Products */ = {
			isa = PBXGroup;
			children = (
				8ED5D5272A74257000B0F216 /* travelMemory.app */,
			);
			name = Products;
			sourceTree = "<group>";
		};
		8ED5D5292A74257000B0F216 /* travelMemory */ = {
			isa = PBXGroup;
			children = (
				8ED5D52A2A74257000B0F216 /* AppDelegate.swift */,
				8ED5D52C2A74257000B0F216 /* SceneDelegate.swift */,
				8E176A6D2A779201006EE253 /* TabBarViewController.swift */,
				8E2E414E2A7E8FE500D006EE /* Register */,
				8E176A752A779B1A006EE253 /* MyPageViewController.swift */,
				8E176A732A779AA5006EE253 /* FavoriteViewController.swift */,
				8E176A712A7799CD006EE253 /* MainViewController.swift */,
				8E176A6F2A779613006EE253 /* RecommendViewController.swift */,
				8ED5D5382A74257100B0F216 /* Info.plist */,
				8ED5D5462A74282800B0F216 /* Login */,
				8ED5D5472A74282E00B0F216 /* Extension */,
				8ED5D5332A74257100B0F216 /* Assets.xcassets */,
				8ED5D5352A74257100B0F216 /* LaunchScreen.storyboard */,
			);
			path = travelMemory;
			sourceTree = "<group>";
		};
		8ED5D5462A74282800B0F216 /* Login */ = {
			isa = PBXGroup;
			children = (
				8ED5D53E2A74265600B0F216 /* LoginModel.swift */,
				8ED5D5402A7426BC00B0F216 /* LoginView.swift */,
				8ED5D5442A7427BC00B0F216 /* LoginViewController.swift */,
			);
			path = Login;
			sourceTree = "<group>";
		};
		8ED5D5472A74282E00B0F216 /* Extension */ = {
			isa = PBXGroup;
			children = (
				8ED5D5422A74273100B0F216 /* UIKit+setupView.swift */,
			);
			path = Extension;
			sourceTree = "<group>";
		};
/* End PBXGroup section */

/* Begin PBXNativeTarget section */
		8ED5D5262A74257000B0F216 /* travelMemory */ = {
			isa = PBXNativeTarget;
			buildConfigurationList = 8ED5D53B2A74257100B0F216 /* Build configuration list for PBXNativeTarget "travelMemory" */;
			buildPhases = (
				194AD0D8ACE3F99B9CCB6E12 /* [CP] Check Pods Manifest.lock */,
				8ED5D5232A74257000B0F216 /* Sources */,
				8ED5D5242A74257000B0F216 /* Frameworks */,
				8ED5D5252A74257000B0F216 /* Resources */,
				D4EDEF4394BF81F82A6910D5 /* [CP] Embed Pods Frameworks */,
			);
			buildRules = (
			);
			dependencies = (
			);
			name = travelMemory;
			productName = travelMemory;
			productReference = 8ED5D5272A74257000B0F216 /* travelMemory.app */;
			productType = "com.apple.product-type.application";
		};
/* End PBXNativeTarget section */

/* Begin PBXProject section */
		8ED5D51F2A74257000B0F216 /* Project object */ = {
			isa = PBXProject;
			attributes = {
				BuildIndependentTargetsInParallel = 1;
				LastSwiftUpdateCheck = 1430;
				LastUpgradeCheck = 1430;
				TargetAttributes = {
					8ED5D5262A74257000B0F216 = {
						CreatedOnToolsVersion = 14.3.1;
					};
				};
			};
			buildConfigurationList = 8ED5D5222A74257000B0F216 /* Build configuration list for PBXProject "travelMemory" */;
			compatibilityVersion = "Xcode 14.0";
			developmentRegion = en;
			hasScannedForEncodings = 0;
			knownRegions = (
				en,
				Base,
			);
			mainGroup = 8ED5D51E2A74257000B0F216;
			productRefGroup = 8ED5D5282A74257000B0F216 /* Products */;
			projectDirPath = "";
			projectRoot = "";
			targets = (
				8ED5D5262A74257000B0F216 /* travelMemory */,
			);
		};
/* End PBXProject section */

/* Begin PBXResourcesBuildPhase section */
		8ED5D5252A74257000B0F216 /* Resources */ = {
			isa = PBXResourcesBuildPhase;
			buildActionMask = 2147483647;
			files = (
				8ED5D5372A74257100B0F216 /* LaunchScreen.storyboard in Resources */,
				8ED5D5342A74257100B0F216 /* Assets.xcassets in Resources */,
			);
			runOnlyForDeploymentPostprocessing = 0;
		};
/* End PBXResourcesBuildPhase section */

/* Begin PBXShellScriptBuildPhase section */
		194AD0D8ACE3F99B9CCB6E12 /* [CP] Check Pods Manifest.lock */ = {
			isa = PBXShellScriptBuildPhase;
			buildActionMask = 2147483647;
			files = (
			);
			inputFileListPaths = (
			);
			inputPaths = (
				"${PODS_PODFILE_DIR_PATH}/Podfile.lock",
				"${PODS_ROOT}/Manifest.lock",
			);
			name = "[CP] Check Pods Manifest.lock";
			outputFileListPaths = (
			);
			outputPaths = (
				"$(DERIVED_FILE_DIR)/Pods-travelMemory-checkManifestLockResult.txt",
			);
			runOnlyForDeploymentPostprocessing = 0;
			shellPath = /bin/sh;
			shellScript = "diff \"${PODS_PODFILE_DIR_PATH}/Podfile.lock\" \"${PODS_ROOT}/Manifest.lock\" > /dev/null\nif [ $? != 0 ] ; then\n    # print error to STDERR\n    echo \"error: The sandbox is not in sync with the Podfile.lock. Run 'pod install' or update your CocoaPods installation.\" >&2\n    exit 1\nfi\n# This output is used by Xcode 'outputs' to avoid re-running this script phase.\necho \"SUCCESS\" > \"${SCRIPT_OUTPUT_FILE_0}\"\n";
			showEnvVarsInLog = 0;
		};
		D4EDEF4394BF81F82A6910D5 /* [CP] Embed Pods Frameworks */ = {
			isa = PBXShellScriptBuildPhase;
			buildActionMask = 2147483647;
			files = (
			);
			inputFileListPaths = (
				"${PODS_ROOT}/Target Support Files/Pods-travelMemory/Pods-travelMemory-frameworks-${CONFIGURATION}-input-files.xcfilelist",
			);
			name = "[CP] Embed Pods Frameworks";
			outputFileListPaths = (
				"${PODS_ROOT}/Target Support Files/Pods-travelMemory/Pods-travelMemory-frameworks-${CONFIGURATION}-output-files.xcfilelist",
			);
			runOnlyForDeploymentPostprocessing = 0;
			shellPath = /bin/sh;
			shellScript = "\"${PODS_ROOT}/Target Support Files/Pods-travelMemory/Pods-travelMemory-frameworks.sh\"\n";
			showEnvVarsInLog = 0;
		};
/* End PBXShellScriptBuildPhase section */

/* Begin PBXSourcesBuildPhase section */
		8ED5D5232A74257000B0F216 /* Sources */ = {
			isa = PBXSourcesBuildPhase;
			buildActionMask = 2147483647;
			files = (
				8ED5D5452A7427BC00B0F216 /* LoginViewController.swift in Sources */,
				8E176A702A779613006EE253 /* RecommendViewController.swift in Sources */,
				8E2E414B2A7E8FDC00D006EE /* RegisterView.swift in Sources */,
				8ED5D53F2A74265600B0F216 /* LoginModel.swift in Sources */,
				8E2E41492A7E8CDF00D006EE /* RegisterViewController.swift in Sources */,
				8ED5D52B2A74257000B0F216 /* AppDelegate.swift in Sources */,
				8E176A742A779AA5006EE253 /* FavoriteViewController.swift in Sources */,
				8ED5D5432A74273100B0F216 /* UIKit+setupView.swift in Sources */,
				8E2E414D2A7E8FE100D006EE /* RegisterModel.swift in Sources */,
				8E176A762A779B1A006EE253 /* MyPageViewController.swift in Sources */,
				8E176A6E2A779201006EE253 /* TabBarViewController.swift in Sources */,
				8E176A722A7799CD006EE253 /* MainViewController.swift in Sources */,
				8ED5D5412A7426BC00B0F216 /* LoginView.swift in Sources */,
				8ED5D52D2A74257000B0F216 /* SceneDelegate.swift in Sources */,
			);
			runOnlyForDeploymentPostprocessing = 0;
		};
/* End PBXSourcesBuildPhase section */

/* Begin PBXVariantGroup section */
		8ED5D5352A74257100B0F216 /* LaunchScreen.storyboard */ = {
			isa = PBXVariantGroup;
			children = (
				8ED5D5362A74257100B0F216 /* Base */,
			);
			name = LaunchScreen.storyboard;
			sourceTree = "<group>";
		};
/* End PBXVariantGroup section */

/* Begin XCBuildConfiguration section */
		8ED5D5392A74257100B0F216 /* Debug */ = {
			isa = XCBuildConfiguration;
			buildSettings = {
				ALWAYS_SEARCH_USER_PATHS = NO;
				CLANG_ANALYZER_NONNULL = YES;
				CLANG_ANALYZER_NUMBER_OBJECT_CONVERSION = YES_AGGRESSIVE;
				CLANG_CXX_LANGUAGE_STANDARD = "gnu++20";
				CLANG_ENABLE_MODULES = YES;
				CLANG_ENABLE_OBJC_ARC = YES;
				CLANG_ENABLE_OBJC_WEAK = YES;
				CLANG_WARN_BLOCK_CAPTURE_AUTORELEASING = YES;
				CLANG_WARN_BOOL_CONVERSION = YES;
				CLANG_WARN_COMMA = YES;
				CLANG_WARN_CONSTANT_CONVERSION = YES;
				CLANG_WARN_DEPRECATED_OBJC_IMPLEMENTATIONS = YES;
				CLANG_WARN_DIRECT_OBJC_ISA_USAGE = YES_ERROR;
				CLANG_WARN_DOCUMENTATION_COMMENTS = YES;
				CLANG_WARN_EMPTY_BODY = YES;
				CLANG_WARN_ENUM_CONVERSION = YES;
				CLANG_WARN_INFINITE_RECURSION = YES;
				CLANG_WARN_INT_CONVERSION = YES;
				CLANG_WARN_NON_LITERAL_NULL_CONVERSION = YES;
				CLANG_WARN_OBJC_IMPLICIT_RETAIN_SELF = YES;
				CLANG_WARN_OBJC_LITERAL_CONVERSION = YES;
				CLANG_WARN_OBJC_ROOT_CLASS = YES_ERROR;
				CLANG_WARN_QUOTED_INCLUDE_IN_FRAMEWORK_HEADER = YES;
				CLANG_WARN_RANGE_LOOP_ANALYSIS = YES;
				CLANG_WARN_STRICT_PROTOTYPES = YES;
				CLANG_WARN_SUSPICIOUS_MOVE = YES;
				CLANG_WARN_UNGUARDED_AVAILABILITY = YES_AGGRESSIVE;
				CLANG_WARN_UNREACHABLE_CODE = YES;
				CLANG_WARN__DUPLICATE_METHOD_MATCH = YES;
				COPY_PHASE_STRIP = NO;
				DEBUG_INFORMATION_FORMAT = dwarf;
				ENABLE_STRICT_OBJC_MSGSEND = YES;
				ENABLE_TESTABILITY = YES;
				GCC_C_LANGUAGE_STANDARD = gnu11;
				GCC_DYNAMIC_NO_PIC = NO;
				GCC_NO_COMMON_BLOCKS = YES;
				GCC_OPTIMIZATION_LEVEL = 0;
				GCC_PREPROCESSOR_DEFINITIONS = (
					"DEBUG=1",
					"$(inherited)",
				);
				GCC_WARN_64_TO_32_BIT_CONVERSION = YES;
				GCC_WARN_ABOUT_RETURN_TYPE = YES_ERROR;
				GCC_WARN_UNDECLARED_SELECTOR = YES;
				GCC_WARN_UNINITIALIZED_AUTOS = YES_AGGRESSIVE;
				GCC_WARN_UNUSED_FUNCTION = YES;
				GCC_WARN_UNUSED_VARIABLE = YES;
				IPHONEOS_DEPLOYMENT_TARGET = 13.0;
				MTL_ENABLE_DEBUG_INFO = INCLUDE_SOURCE;
				MTL_FAST_MATH = YES;
				ONLY_ACTIVE_ARCH = YES;
				SDKROOT = iphoneos;
				SWIFT_ACTIVE_COMPILATION_CONDITIONS = DEBUG;
				SWIFT_OPTIMIZATION_LEVEL = "-Onone";
			};
			name = Debug;
		};
		8ED5D53A2A74257100B0F216 /* Release */ = {
			isa = XCBuildConfiguration;
			buildSettings = {
				ALWAYS_SEARCH_USER_PATHS = NO;
				CLANG_ANALYZER_NONNULL = YES;
				CLANG_ANALYZER_NUMBER_OBJECT_CONVERSION = YES_AGGRESSIVE;
				CLANG_CXX_LANGUAGE_STANDARD = "gnu++20";
				CLANG_ENABLE_MODULES = YES;
				CLANG_ENABLE_OBJC_ARC = YES;
				CLANG_ENABLE_OBJC_WEAK = YES;
				CLANG_WARN_BLOCK_CAPTURE_AUTORELEASING = YES;
				CLANG_WARN_BOOL_CONVERSION = YES;
				CLANG_WARN_COMMA = YES;
				CLANG_WARN_CONSTANT_CONVERSION = YES;
				CLANG_WARN_DEPRECATED_OBJC_IMPLEMENTATIONS = YES;
				CLANG_WARN_DIRECT_OBJC_ISA_USAGE = YES_ERROR;
				CLANG_WARN_DOCUMENTATION_COMMENTS = YES;
				CLANG_WARN_EMPTY_BODY = YES;
				CLANG_WARN_ENUM_CONVERSION = YES;
				CLANG_WARN_INFINITE_RECURSION = YES;
				CLANG_WARN_INT_CONVERSION = YES;
				CLANG_WARN_NON_LITERAL_NULL_CONVERSION = YES;
				CLANG_WARN_OBJC_IMPLICIT_RETAIN_SELF = YES;
				CLANG_WARN_OBJC_LITERAL_CONVERSION = YES;
				CLANG_WARN_OBJC_ROOT_CLASS = YES_ERROR;
				CLANG_WARN_QUOTED_INCLUDE_IN_FRAMEWORK_HEADER = YES;
				CLANG_WARN_RANGE_LOOP_ANALYSIS = YES;
				CLANG_WARN_STRICT_PROTOTYPES = YES;
				CLANG_WARN_SUSPICIOUS_MOVE = YES;
				CLANG_WARN_UNGUARDED_AVAILABILITY = YES_AGGRESSIVE;
				CLANG_WARN_UNREACHABLE_CODE = YES;
				CLANG_WARN__DUPLICATE_METHOD_MATCH = YES;
				COPY_PHASE_STRIP = NO;
				DEBUG_INFORMATION_FORMAT = "dwarf-with-dsym";
				ENABLE_NS_ASSERTIONS = NO;
				ENABLE_STRICT_OBJC_MSGSEND = YES;
				GCC_C_LANGUAGE_STANDARD = gnu11;
				GCC_NO_COMMON_BLOCKS = YES;
				GCC_WARN_64_TO_32_BIT_CONVERSION = YES;
				GCC_WARN_ABOUT_RETURN_TYPE = YES_ERROR;
				GCC_WARN_UNDECLARED_SELECTOR = YES;
				GCC_WARN_UNINITIALIZED_AUTOS = YES_AGGRESSIVE;
				GCC_WARN_UNUSED_FUNCTION = YES;
				GCC_WARN_UNUSED_VARIABLE = YES;
				IPHONEOS_DEPLOYMENT_TARGET = 13.0;
				MTL_ENABLE_DEBUG_INFO = NO;
				MTL_FAST_MATH = YES;
				SDKROOT = iphoneos;
				SWIFT_COMPILATION_MODE = wholemodule;
				SWIFT_OPTIMIZATION_LEVEL = "-O";
				VALIDATE_PRODUCT = YES;
			};
			name = Release;
		};
		8ED5D53C2A74257100B0F216 /* Debug */ = {
			isa = XCBuildConfiguration;
			baseConfigurationReference = AECF70AD97F26CF92E971EA0 /* Pods-travelMemory.debug.xcconfig */;
			buildSettings = {
				ASSETCATALOG_COMPILER_APPICON_NAME = AppIcon;
				ASSETCATALOG_COMPILER_GLOBAL_ACCENT_COLOR_NAME = AccentColor;
				CODE_SIGN_STYLE = Automatic;
				CURRENT_PROJECT_VERSION = 1;
				DEVELOPMENT_TEAM = CY66M8DRX9;
				GENERATE_INFOPLIST_FILE = YES;
				INFOPLIST_FILE = travelMemory/Info.plist;
				INFOPLIST_KEY_UIApplicationSupportsIndirectInputEvents = YES;
				INFOPLIST_KEY_UILaunchStoryboardName = LaunchScreen;
				INFOPLIST_KEY_UISupportedInterfaceOrientations_iPad = "UIInterfaceOrientationPortrait UIInterfaceOrientationPortraitUpsideDown UIInterfaceOrientationLandscapeLeft UIInterfaceOrientationLandscapeRight";
				INFOPLIST_KEY_UISupportedInterfaceOrientations_iPhone = "UIInterfaceOrientationPortrait UIInterfaceOrientationLandscapeLeft UIInterfaceOrientationLandscapeRight";
				IPHONEOS_DEPLOYMENT_TARGET = 13.0;
				LD_RUNPATH_SEARCH_PATHS = (
					"$(inherited)",
					"@executable_path/Frameworks",
				);
				MARKETING_VERSION = 1.0;
				PRODUCT_BUNDLE_IDENTIFIER = com.newdeps.travelMemory;
				PRODUCT_NAME = "$(TARGET_NAME)";
				SWIFT_EMIT_LOC_STRINGS = YES;
				SWIFT_VERSION = 5.0;
				TARGETED_DEVICE_FAMILY = "1,2";
			};
			name = Debug;
		};
		8ED5D53D2A74257100B0F216 /* Release */ = {
			isa = XCBuildConfiguration;
			baseConfigurationReference = B1F641FF35DD5AAE0DB25A8B /* Pods-travelMemory.release.xcconfig */;
			buildSettings = {
				ASSETCATALOG_COMPILER_APPICON_NAME = AppIcon;
				ASSETCATALOG_COMPILER_GLOBAL_ACCENT_COLOR_NAME = AccentColor;
				CODE_SIGN_STYLE = Automatic;
				CURRENT_PROJECT_VERSION = 1;
				DEVELOPMENT_TEAM = CY66M8DRX9;
				GENERATE_INFOPLIST_FILE = YES;
				INFOPLIST_FILE = travelMemory/Info.plist;
				INFOPLIST_KEY_UIApplicationSupportsIndirectInputEvents = YES;
				INFOPLIST_KEY_UILaunchStoryboardName = LaunchScreen;
				INFOPLIST_KEY_UISupportedInterfaceOrientations_iPad = "UIInterfaceOrientationPortrait UIInterfaceOrientationPortraitUpsideDown UIInterfaceOrientationLandscapeLeft UIInterfaceOrientationLandscapeRight";
				INFOPLIST_KEY_UISupportedInterfaceOrientations_iPhone = "UIInterfaceOrientationPortrait UIInterfaceOrientationLandscapeLeft UIInterfaceOrientationLandscapeRight";
				IPHONEOS_DEPLOYMENT_TARGET = 13.0;
				LD_RUNPATH_SEARCH_PATHS = (
					"$(inherited)",
					"@executable_path/Frameworks",
				);
				MARKETING_VERSION = 1.0;
				PRODUCT_BUNDLE_IDENTIFIER = com.newdeps.travelMemory;
				PRODUCT_NAME = "$(TARGET_NAME)";
				SWIFT_EMIT_LOC_STRINGS = YES;
				SWIFT_VERSION = 5.0;
				TARGETED_DEVICE_FAMILY = "1,2";
			};
			name = Release;
		};
/* End XCBuildConfiguration section */

/* Begin XCConfigurationList section */
		8ED5D5222A74257000B0F216 /* Build configuration list for PBXProject "travelMemory" */ = {
			isa = XCConfigurationList;
			buildConfigurations = (
				8ED5D5392A74257100B0F216 /* Debug */,
				8ED5D53A2A74257100B0F216 /* Release */,
			);
			defaultConfigurationIsVisible = 0;
			defaultConfigurationName = Release;
		};
		8ED5D53B2A74257100B0F216 /* Build configuration list for PBXNativeTarget "travelMemory" */ = {
			isa = XCConfigurationList;
			buildConfigurations = (
				8ED5D53C2A74257100B0F216 /* Debug */,
				8ED5D53D2A74257100B0F216 /* Release */,
			);
			defaultConfigurationIsVisible = 0;
			defaultConfigurationName = Release;
		};
/* End XCConfigurationList section */
	};
	rootObject = 8ED5D51F2A74257000B0F216 /* Project object */;
}
